{
  "name": "3prac",
  "version": "1.0.0",
  "lockfileVersion": 1,
  "requires": true,
  "dependencies": {
    "parse-stl-binary": {
      "version": "1.0.1",
      "resolved": "https://registry.npmjs.org/parse-stl-binary/-/parse-stl-binary-1.0.1.tgz",
      "integrity": "sha1-C9xegIUe6KnFMdQTWtg0mbuhqUs="
    },
    "three": {
      "version": "0.111.0",
      "resolved": "https://registry.npmjs.org/three/-/three-0.111.0.tgz",
      "integrity": "sha512-AcTqyGJ3H75AIusOuADy0LsP958QKQwm/YhABHFMzd6RFXPNVay1rlSbbG6WYv7KM72G2THMMwqbjQd4dVHMkQ=="
    }
  }
}
